
Microsoft Visual Studio Solution File, Format Version 12.00
# Visual Studio Version 16
VisualStudioVersion = 16.0.31605.320
MinimumVisualStudioVersion = 10.0.40219.1
Project("{FAE04EC0-301F-11D3-BF4B-00C04F79EFBC}") = "BiinaryReaderWriterExample", "BiinaryReaderWriterExample\BiinaryReaderWriterExample.csproj", "{FC8A4378-2932-4236-BA84-1839FAD61FC8}"
EndProject
Global
	GlobalSection(SolutionConfigurationPlatforms) = preSolution
		Debug|Any CPU = Debug|Any CPU
		Release|Any CPU = Release|Any CPU
	EndGlobalSection
	GlobalSection(ProjectConfigurationPlatforms) = postSolution
		{FC8A4378-2932-4236-BA84-1839FAD61FC8}.Debug|Any CPU.ActiveCfg = Debug|Any CPU
		{FC8A4378-2932-4236-BA84-1839FAD61FC8}.Debug|Any CPU.Build.0 = Debug|Any CPU
		{FC8A4378-2932-4236-BA84-1839FAD61FC8}.Release|Any CPU.ActiveCfg = Release|Any CPU
		{FC8A4378-2932-4236-BA84-1839FAD61FC8}.Release|Any CPU.Build.0 = Release|Any CPU
	EndGlobalSection
	GlobalSection(SolutionProperties) = preSolution
		HideSolutionNode = FALSE
	EndGlobalSection
	GlobalSection(ExtensibilityGlobals) = postSolution
		SolutionGuid = {3ED1F1EA-6AB4-40D5-B7AB-434E0318DCE4}
	EndGlobalSection
EndGlobal
